
Microsoft Visual Studio Solution File, Format Version 12.00
# Visual Studio 14
VisualStudioVersion = 14.0.23107.0
MinimumVisualStudioVersion = 10.0.40219.1
Project("{FAE04EC0-301F-11D3-BF4B-00C04F79EFBC}") = "e10.Shared", "e10.Shared\e10.Shared.csproj", "{689CAC89-1917-4604-9D32-C742C1E826CE}"
EndProject
Project("{FAE04EC0-301F-11D3-BF4B-00C04F79EFBC}") = "Warehouse.Data", "Warehouse.Data\Warehouse.Data.csproj", "{C00A9F88-3490-4385-AB99-843EFAD2DCC4}"
EndProject
Project("{FAE04EC0-301F-11D3-BF4B-00C04F79EFBC}") = "Warehouse.Services", "Warehouse.Services\Warehouse.Services.csproj", "{88D5DD7C-4014-471E-96B4-4C7EB4EA78C6}"
EndProject
Project("{FAE04EC0-301F-11D3-BF4B-00C04F79EFBC}") = "Warehouse.Web", "Warehouse.Web\Warehouse.Web.csproj", "{A114180E-5711-4783-9C2F-EBB79DE5BF61}"
EndProject
Project("{FAE04EC0-301F-11D3-BF4B-00C04F79EFBC}") = "Warehouse.Core", "Warehouse.Core\Warehouse.Core.csproj", "{D28CA4D2-25C4-41E5-8922-D2B73134A053}"
EndProject
Global
	GlobalSection(SolutionConfigurationPlatforms) = preSolution
		Debug|Any CPU = Debug|Any CPU
		Release|Any CPU = Release|Any CPU
	EndGlobalSection
	GlobalSection(ProjectConfigurationPlatforms) = postSolution
		{689CAC89-1917-4604-9D32-C742C1E826CE}.Debug|Any CPU.ActiveCfg = Debug|Any CPU
		{689CAC89-1917-4604-9D32-C742C1E826CE}.Debug|Any CPU.Build.0 = Debug|Any CPU
		{689CAC89-1917-4604-9D32-C742C1E826CE}.Release|Any CPU.ActiveCfg = Release|Any CPU
		{689CAC89-1917-4604-9D32-C742C1E826CE}.Release|Any CPU.Build.0 = Release|Any CPU
		{C00A9F88-3490-4385-AB99-843EFAD2DCC4}.Debug|Any CPU.ActiveCfg = Debug|Any CPU
		{C00A9F88-3490-4385-AB99-843EFAD2DCC4}.Debug|Any CPU.Build.0 = Debug|Any CPU
		{C00A9F88-3490-4385-AB99-843EFAD2DCC4}.Release|Any CPU.ActiveCfg = Release|Any CPU
		{C00A9F88-3490-4385-AB99-843EFAD2DCC4}.Release|Any CPU.Build.0 = Release|Any CPU
		{88D5DD7C-4014-471E-96B4-4C7EB4EA78C6}.Debug|Any CPU.ActiveCfg = Debug|Any CPU
		{88D5DD7C-4014-471E-96B4-4C7EB4EA78C6}.Debug|Any CPU.Build.0 = Debug|Any CPU
		{88D5DD7C-4014-471E-96B4-4C7EB4EA78C6}.Release|Any CPU.ActiveCfg = Release|Any CPU
		{88D5DD7C-4014-471E-96B4-4C7EB4EA78C6}.Release|Any CPU.Build.0 = Release|Any CPU
		{A114180E-5711-4783-9C2F-EBB79DE5BF61}.Debug|Any CPU.ActiveCfg = Debug|Any CPU
		{A114180E-5711-4783-9C2F-EBB79DE5BF61}.Debug|Any CPU.Build.0 = Debug|Any CPU
		{A114180E-5711-4783-9C2F-EBB79DE5BF61}.Release|Any CPU.ActiveCfg = Release|Any CPU
		{A114180E-5711-4783-9C2F-EBB79DE5BF61}.Release|Any CPU.Build.0 = Release|Any CPU
		{D28CA4D2-25C4-41E5-8922-D2B73134A053}.Debug|Any CPU.ActiveCfg = Debug|Any CPU
		{D28CA4D2-25C4-41E5-8922-D2B73134A053}.Debug|Any CPU.Build.0 = Debug|Any CPU
		{D28CA4D2-25C4-41E5-8922-D2B73134A053}.Release|Any CPU.ActiveCfg = Release|Any CPU
		{D28CA4D2-25C4-41E5-8922-D2B73134A053}.Release|Any CPU.Build.0 = Release|Any CPU
	EndGlobalSection
	GlobalSection(SolutionProperties) = preSolution
		HideSolutionNode = FALSE
	EndGlobalSection
EndGlobal
